
Microsoft Visual Studio Solution File, Format Version 12.00
# Visual Studio Version 16
VisualStudioVersion = 16.0.30523.141
MinimumVisualStudioVersion = 10.0.40219.1
Project("{9A19103F-16F7-4668-BE54-9A1E7A4F7556}") = "AxisAuth", "AxisAuth\AxisAuth.csproj", "{40C6ECCF-160A-4A5D-BACC-CDF4A178F325}"
EndProject
Project("{9A19103F-16F7-4668-BE54-9A1E7A4F7556}") = "AxisHumanResource", "AxisHumanResource\AxisHumanResource.csproj", "{2346E93A-2BCA-4FE2-B6E3-DB61F82DB2F2}"
EndProject
Project("{FAE04EC0-301F-11D3-BF4B-00C04F79EFBC}") = "AxisAccounting", "AxisAccounting\AxisAccounting.csproj", "{A9361B7F-B524-4E20-8402-26642A852EC9}"
EndProject
Global
	GlobalSection(SolutionConfigurationPlatforms) = preSolution
		Debug|Any CPU = Debug|Any CPU
		Release|Any CPU = Release|Any CPU
	EndGlobalSection
	GlobalSection(ProjectConfigurationPlatforms) = postSolution
		{40C6ECCF-160A-4A5D-BACC-CDF4A178F325}.Debug|Any CPU.ActiveCfg = Debug|Any CPU
		{40C6ECCF-160A-4A5D-BACC-CDF4A178F325}.Debug|Any CPU.Build.0 = Debug|Any CPU
		{40C6ECCF-160A-4A5D-BACC-CDF4A178F325}.Release|Any CPU.ActiveCfg = Release|Any CPU
		{40C6ECCF-160A-4A5D-BACC-CDF4A178F325}.Release|Any CPU.Build.0 = Release|Any CPU
		{2346E93A-2BCA-4FE2-B6E3-DB61F82DB2F2}.Debug|Any CPU.ActiveCfg = Debug|Any CPU
		{2346E93A-2BCA-4FE2-B6E3-DB61F82DB2F2}.Debug|Any CPU.Build.0 = Debug|Any CPU
		{2346E93A-2BCA-4FE2-B6E3-DB61F82DB2F2}.Release|Any CPU.ActiveCfg = Release|Any CPU
		{2346E93A-2BCA-4FE2-B6E3-DB61F82DB2F2}.Release|Any CPU.Build.0 = Release|Any CPU
		{A9361B7F-B524-4E20-8402-26642A852EC9}.Debug|Any CPU.ActiveCfg = Debug|Any CPU
		{A9361B7F-B524-4E20-8402-26642A852EC9}.Debug|Any CPU.Build.0 = Debug|Any CPU
		{A9361B7F-B524-4E20-8402-26642A852EC9}.Release|Any CPU.ActiveCfg = Release|Any CPU
		{A9361B7F-B524-4E20-8402-26642A852EC9}.Release|Any CPU.Build.0 = Release|Any CPU
	EndGlobalSection
	GlobalSection(SolutionProperties) = preSolution
		HideSolutionNode = FALSE
	EndGlobalSection
	GlobalSection(ExtensibilityGlobals) = postSolution
		SolutionGuid = {991C2C79-D601-4587-A949-5F9E768A7F65}
	EndGlobalSection
EndGlobal
